
Microsoft Visual Studio Solution File, Format Version 12.00
# Visual Studio Version 17
VisualStudioVersion = 17.1.32328.378
MinimumVisualStudioVersion = 10.0.40219.1
Project("{FAE04EC0-301F-11D3-BF4B-00C04F79EFBC}") = "MovieRentalsWebAPI2", "MovieRentalsWebAPI2\MovieRentalsWebAPI2.csproj", "{C369E2D5-DBB1-4803-8D6A-AAC9922D87DB}"
EndProject
Global
	GlobalSection(SolutionConfigurationPlatforms) = preSolution
		Debug|Any CPU = Debug|Any CPU
		Release|Any CPU = Release|Any CPU
	EndGlobalSection
	GlobalSection(ProjectConfigurationPlatforms) = postSolution
		{C369E2D5-DBB1-4803-8D6A-AAC9922D87DB}.Debug|Any CPU.ActiveCfg = Debug|Any CPU
		{C369E2D5-DBB1-4803-8D6A-AAC9922D87DB}.Debug|Any CPU.Build.0 = Debug|Any CPU
		{C369E2D5-DBB1-4803-8D6A-AAC9922D87DB}.Release|Any CPU.ActiveCfg = Release|Any CPU
		{C369E2D5-DBB1-4803-8D6A-AAC9922D87DB}.Release|Any CPU.Build.0 = Release|Any CPU
	EndGlobalSection
	GlobalSection(SolutionProperties) = preSolution
		HideSolutionNode = FALSE
	EndGlobalSection
	GlobalSection(ExtensibilityGlobals) = postSolution
		SolutionGuid = {5C71C9E5-665B-4891-A923-97F1FC80BDEC}
	EndGlobalSection
EndGlobal
